
Microsoft Visual Studio Solution File, Format Version 12.00
Project("{FAE04EC0-301F-11D3-BF4B-00C04F79EFBC}") = "BazarCatalogApi", "BazarCatalogApi\BazarCatalogApi.csproj", "{5A256C6D-B884-4DFC-BFA6-80E7B315384A}"
EndProject
Project("{FAE04EC0-301F-11D3-BF4B-00C04F79EFBC}") = "BazarOrderApi", "BazarOrderApi\BazarOrderApi.csproj", "{19322487-F846-4033-9D17-B9A1FB813623}"
EndProject
Global
	GlobalSection(SolutionConfigurationPlatforms) = preSolution
		Debug|Any CPU = Debug|Any CPU
		Release|Any CPU = Release|Any CPU
	EndGlobalSection
	GlobalSection(ProjectConfigurationPlatforms) = postSolution
		{5A256C6D-B884-4DFC-BFA6-80E7B315384A}.Debug|Any CPU.ActiveCfg = Debug|Any CPU
		{5A256C6D-B884-4DFC-BFA6-80E7B315384A}.Debug|Any CPU.Build.0 = Debug|Any CPU
		{5A256C6D-B884-4DFC-BFA6-80E7B315384A}.Release|Any CPU.ActiveCfg = Release|Any CPU
		{5A256C6D-B884-4DFC-BFA6-80E7B315384A}.Release|Any CPU.Build.0 = Release|Any CPU
		{19322487-F846-4033-9D17-B9A1FB813623}.Debug|Any CPU.ActiveCfg = Debug|Any CPU
		{19322487-F846-4033-9D17-B9A1FB813623}.Debug|Any CPU.Build.0 = Debug|Any CPU
		{19322487-F846-4033-9D17-B9A1FB813623}.Release|Any CPU.ActiveCfg = Release|Any CPU
		{19322487-F846-4033-9D17-B9A1FB813623}.Release|Any CPU.Build.0 = Release|Any CPU
	EndGlobalSection
EndGlobal
